
Microsoft Visual Studio Solution File, Format Version 12.00
# Visual Studio Version 16
VisualStudioVersion = 16.0.29102.190
MinimumVisualStudioVersion = 10.0.40219.1
Project("{FAE04EC0-301F-11D3-BF4B-00C04F79EFBC}") = "SkipList", "SkipList\SkipList.csproj", "{B2F7A352-BE40-4153-BBB8-CF0703A601AA}"
EndProject
Project("{FAE04EC0-301F-11D3-BF4B-00C04F79EFBC}") = "SkipList.Test", "SkipList.Test\SkipList.Test.csproj", "{8CF571CF-4D97-44E9-9734-053B0E693D48}"
EndProject
Global
	GlobalSection(SolutionConfigurationPlatforms) = preSolution
		Debug|Any CPU = Debug|Any CPU
		Release|Any CPU = Release|Any CPU
	EndGlobalSection
	GlobalSection(ProjectConfigurationPlatforms) = postSolution
		{B2F7A352-BE40-4153-BBB8-CF0703A601AA}.Debug|Any CPU.ActiveCfg = Debug|Any CPU
		{B2F7A352-BE40-4153-BBB8-CF0703A601AA}.Debug|Any CPU.Build.0 = Debug|Any CPU
		{B2F7A352-BE40-4153-BBB8-CF0703A601AA}.Release|Any CPU.ActiveCfg = Release|Any CPU
		{B2F7A352-BE40-4153-BBB8-CF0703A601AA}.Release|Any CPU.Build.0 = Release|Any CPU
		{8CF571CF-4D97-44E9-9734-053B0E693D48}.Debug|Any CPU.ActiveCfg = Debug|Any CPU
		{8CF571CF-4D97-44E9-9734-053B0E693D48}.Debug|Any CPU.Build.0 = Debug|Any CPU
		{8CF571CF-4D97-44E9-9734-053B0E693D48}.Release|Any CPU.ActiveCfg = Release|Any CPU
		{8CF571CF-4D97-44E9-9734-053B0E693D48}.Release|Any CPU.Build.0 = Release|Any CPU
	EndGlobalSection
	GlobalSection(SolutionProperties) = preSolution
		HideSolutionNode = FALSE
	EndGlobalSection
	GlobalSection(ExtensibilityGlobals) = postSolution
		SolutionGuid = {293F92E9-44EB-4453-BD38-BF78586D34FC}
	EndGlobalSection
EndGlobal
